// !$*UTF8*$!
{
	archiveVersion = 1;
	classes = {
	};
	objectVersion = 50;
	objects = {

/* Begin PBXBuildFile section */
		4650EC6A239403580081D3FA /* AppDelegate.swift in Sources */ = {isa = PBXBuildFile; fileRef = 4650EC69239403580081D3FA /* AppDelegate.swift */; };
		4650EC6C239403580081D3FA /* SceneDelegate.swift in Sources */ = {isa = PBXBuildFile; fileRef = 4650EC6B239403580081D3FA /* SceneDelegate.swift */; };
		4650EC6E239403580081D3FA /* ViewController.swift in Sources */ = {isa = PBXBuildFile; fileRef = 4650EC6D239403580081D3FA /* ViewController.swift */; };
		4650EC71239403580081D3FA /* Main.storyboard in Resources */ = {isa = PBXBuildFile; fileRef = 4650EC6F239403580081D3FA /* Main.storyboard */; };
		4650EC73239403590081D3FA /* Assets.xcassets in Resources */ = {isa = PBXBuildFile; fileRef = 4650EC72239403590081D3FA /* Assets.xcassets */; };
		4650EC76239403590081D3FA /* LaunchScreen.storyboard in Resources */ = {isa = PBXBuildFile; fileRef = 4650EC74239403590081D3FA /* LaunchScreen.storyboard */; };
		4650EC7E239403990081D3FA /* RorschachView.swift in Sources */ = {isa = PBXBuildFile; fileRef = 4650EC7D239403990081D3FA /* RorschachView.swift */; };
/* End PBXBuildFile section */

/* Begin PBXFileReference section */
		4650EC66239403580081D3FA /* Rorschach.app */ = {isa = PBXFileReference; explicitFileType = wrapper.application; includeInIndex = 0; path = Rorschach.app; sourceTree = BUILT_PRODUCTS_DIR; };
		4650EC69239403580081D3FA /* AppDelegate.swift */ = {isa = PBXFileReference; lastKnownFileType = sourcecode.swift; path = AppDelegate.swift; sourceTree = "<group>"; };
		4650EC6B239403580081D3FA /* SceneDelegate.swift */ = {isa = PBXFileReference; lastKnownFileType = sourcecode.swift; path = SceneDelegate.swift; sourceTree = "<group>"; };
		4650EC6D239403580081D3FA /* ViewController.swift */ = {isa = PBXFileReference; lastKnownFileType = sourcecode.swift; path = ViewController.swift; sourceTree = "<group>"; };
		4650EC70239403580081D3FA /* Base */ = {isa = PBXFileReference; lastKnownFileType = file.storyboard; name = Base; path = Base.lproj/Main.storyboard; sourceTree = "<group>"; };
		4650EC72239403590081D3FA /* Assets.xcassets */ = {isa = PBXFileReference; lastKnownFileType = folder.assetcatalog; path = Assets.xcassets; sourceTree = "<group>"; };
		4650EC75239403590081D3FA /* Base */ = {isa = PBXFileReference; lastKnownFileType = file.storyboard; name = Base; path = Base.lproj/LaunchScreen.storyboard; sourceTree = "<group>"; };
		4650EC77239403590081D3FA /* Info.plist */ = {isa = PBXFileReference; lastKnownFileType = text.plist.xml; path = Info.plist; sourceTree = "<group>"; };
		4650EC7D239403990081D3FA /* RorschachView.swift */ = {isa = PBXFileReference; lastKnownFileType = sourcecode.swift; path = RorschachView.swift; sourceTree = "<group>"; };
/* End PBXFileReference section */

/* Begin PBXFrameworksBuildPhase section */
		4650EC63239403580081D3FA /* Frameworks */ = {
			isa = PBXFrameworksBuildPhase;
			buildActionMask = 2147483647;
			files = (
			);
			runOnlyForDeploymentPostprocessing = 0;
		};
/* End PBXFrameworksBuildPhase section */

/* Begin PBXGroup section */
		4650EC5D239403580081D3FA = {
			isa = PBXGroup;
			children = (
				4650EC68239403580081D3FA /* Rorschach */,
				4650EC67239403580081D3FA /* Products */,
			);
			sourceTree = "<group>";
		};
		4650EC67239403580081D3FA /* Products */ = {
			isa = PBXGroup;
			children = (
				4650EC66239403580081D3FA /* Rorschach.app */,
			);
			name = Products;
			sourceTree = "<group>";
		};
		4650EC68239403580081D3FA /* Rorschach */ = {
			isa = PBXGroup;
			children = (
				4650EC69239403580081D3FA /* AppDelegate.swift */,
				4650EC6B239403580081D3FA /* SceneDelegate.swift */,
				4650EC6D239403580081D3FA /* ViewController.swift */,
				4650EC7D239403990081D3FA /* RorschachView.swift */,
				4650EC6F239403580081D3FA /* Main.storyboard */,
				4650EC72239403590081D3FA /* Assets.xcassets */,
				4650EC74239403590081D3FA /* LaunchScreen.storyboard */,
				4650EC77239403590081D3FA /* Info.plist */,
			);
			path = Rorschach;
			sourceTree = "<group>";
		};
/* End PBXGroup section */

/* Begin PBXNativeTarget section */
		4650EC65239403580081D3FA /* Rorschach */ = {
			isa = PBXNativeTarget;
			buildConfigurationList = 4650EC7A239403590081D3FA /* Build configuration list for PBXNativeTarget "Rorschach" */;
			buildPhases = (
				4650EC62239403580081D3FA /* Sources */,
				4650EC63239403580081D3FA /* Frameworks */,
				4650EC64239403580081D3FA /* Resources */,
			);
			buildRules = (
			);
			dependencies = (
			);
			name = Rorschach;
			productName = Rorschach;
			productReference = 4650EC66239403580081D3FA /* Rorschach.app */;
			productType = "com.apple.product-type.application";
		};
/* End PBXNativeTarget section */

/* Begin PBXProject section */
		4650EC5E239403580081D3FA /* Project object */ = {
			isa = PBXProject;
			attributes = {
				LastSwiftUpdateCheck = 1120;
				LastUpgradeCheck = 1120;
				ORGANIZATIONNAME = "Spencer Curtis";
				TargetAttributes = {
					4650EC65239403580081D3FA = {
						CreatedOnToolsVersion = 11.2.1;
					};
				};
			};
			buildConfigurationList = 4650EC61239403580081D3FA /* Build configuration list for PBXProject "Rorschach" */;
			compatibilityVersion = "Xcode 9.3";
			developmentRegion = en;
			hasScannedForEncodings = 0;
			knownRegions = (
				en,
				Base,
			);
			mainGroup = 4650EC5D239403580081D3FA;
			productRefGroup = 4650EC67239403580081D3FA /* Products */;
			projectDirPath = "";
			projectRoot = "";
			targets = (
				4650EC65239403580081D3FA /* Rorschach */,
			);
		};
/* End PBXProject section */

/* Begin PBXResourcesBuildPhase section */
		4650EC64239403580081D3FA /* Resources */ = {
			isa = PBXResourcesBuildPhase;
			buildActionMask = 2147483647;
			files = (
				4650EC76239403590081D3FA /* LaunchScreen.storyboard in Resources */,
				4650EC73239403590081D3FA /* Assets.xcassets in Resources */,
				4650EC71239403580081D3FA /* Main.storyboard in Resources */,
			);
			runOnlyForDeploymentPostprocessing = 0;
		};
/* End PBXResourcesBuildPhase section */

/* Begin PBXSourcesBuildPhase section */
		4650EC62239403580081D3FA /* Sources */ = {
			isa = PBXSourcesBuildPhase;
			buildActionMask = 2147483647;
			files = (
				4650EC6E239403580081D3FA /* ViewController.swift in Sources */,
				4650EC6A239403580081D3FA /* AppDelegate.swift in Sources */,
				4650EC7E239403990081D3FA /* RorschachView.swift in Sources */,
				4650EC6C239403580081D3FA /* SceneDelegate.swift in Sources */,
			);
			runOnlyForDeploymentPostprocessing = 0;
		};
/* End PBXSourcesBuildPhase section */

/* Begin PBXVariantGroup section */
		4650EC6F239403580081D3FA /* Main.storyboard */ = {
			isa = PBXVariantGroup;
			children = (
				4650EC70239403580081D3FA /* Base */,
			);
			name = Main.storyboard;
			sourceTree = "<group>";
		};
		4650EC74239403590081D3FA /* LaunchScreen.storyboard */ = {
			isa = PBXVariantGroup;
			children = (
				4650EC75239403590081D3FA /* Base */,
			);
			name = LaunchScreen.storyboard;
			sourceTree = "<group>";
		};
/* End PBXVariantGroup section */

/* Begin XCBuildConfiguration section */
		4650EC78239403590081D3FA /* Debug */ = {
			isa = XCBuildConfiguration;
			buildSettings = {
				ALWAYS_SEARCH_USER_PATHS = NO;
				CLANG_ANALYZER_NONNULL = YES;
				CLANG_ANALYZER_NUMBER_OBJECT_CONVERSION = YES_AGGRESSIVE;
				CLANG_CXX_LANGUAGE_STANDARD = "gnu++14";
				CLANG_CXX_LIBRARY = "libc++";
				CLANG_ENABLE_MODULES = YES;
				CLANG_ENABLE_OBJC_ARC = YES;
				CLANG_ENABLE_OBJC_WEAK = YES;
				CLANG_WARN_BLOCK_CAPTURE_AUTORELEASING = YES;
				CLANG_WARN_BOOL_CONVERSION = YES;
				CLANG_WARN_COMMA = YES;
				CLANG_WARN_CONSTANT_CONVERSION = YES;
				CLANG_WARN_DEPRECATED_OBJC_IMPLEMENTATIONS = YES;
				CLANG_WARN_DIRECT_OBJC_ISA_USAGE = YES_ERROR;
				CLANG_WARN_DOCUMENTATION_COMMENTS = YES;
				CLANG_WARN_EMPTY_BODY = YES;
				CLANG_WARN_ENUM_CONVERSION = YES;
				CLANG_WARN_INFINITE_RECURSION = YES;
				CLANG_WARN_INT_CONVERSION = YES;
				CLANG_WARN_NON_LITERAL_NULL_CONVERSION = YES;
				CLANG_WARN_OBJC_IMPLICIT_RETAIN_SELF = YES;
				CLANG_WARN_OBJC_LITERAL_CONVERSION = YES;
				CLANG_WARN_OBJC_ROOT_CLASS = YES_ERROR;
				CLANG_WARN_RANGE_LOOP_ANALYSIS = YES;
				CLANG_WARN_STRICT_PROTOTYPES = YES;
				CLANG_WARN_SUSPICIOUS_MOVE = YES;
				CLANG_WARN_UNGUARDED_AVAILABILITY = YES_AGGRESSIVE;
				CLANG_WARN_UNREACHABLE_CODE = YES;
				CLANG_WARN__DUPLICATE_METHOD_MATCH = YES;
				COPY_PHASE_STRIP = NO;
				DEBUG_INFORMATION_FORMAT = dwarf;
				ENABLE_STRICT_OBJC_MSGSEND = YES;
				ENABLE_TESTABILITY = YES;
				GCC_C_LANGUAGE_STANDARD = gnu11;
				GCC_DYNAMIC_NO_PIC = NO;
				GCC_NO_COMMON_BLOCKS = YES;
				GCC_OPTIMIZATION_LEVEL = 0;
				GCC_PREPROCESSOR_DEFINITIONS = (
					"DEBUG=1",
					"$(inherited)",
				);
				GCC_WARN_64_TO_32_BIT_CONVERSION = YES;
				GCC_WARN_ABOUT_RETURN_TYPE = YES_ERROR;
				GCC_WARN_UNDECLARED_SELECTOR = YES;
				GCC_WARN_UNINITIALIZED_AUTOS = YES_AGGRESSIVE;
				GCC_WARN_UNUSED_FUNCTION = YES;
				GCC_WARN_UNUSED_VARIABLE = YES;
				IPHONEOS_DEPLOYMENT_TARGET = 13.2;
				MTL_ENABLE_DEBUG_INFO = INCLUDE_SOURCE;
				MTL_FAST_MATH = YES;
				ONLY_ACTIVE_ARCH = YES;
				SDKROOT = iphoneos;
				SWIFT_ACTIVE_COMPILATION_CONDITIONS = DEBUG;
				SWIFT_OPTIMIZATION_LEVEL = "-Onone";
			};
			name = Debug;
		};
		4650EC79239403590081D3FA /* Release */ = {
			isa = XCBuildConfiguration;
			buildSettings = {
				ALWAYS_SEARCH_USER_PATHS = NO;
				CLANG_ANALYZER_NONNULL = YES;
				CLANG_ANALYZER_NUMBER_OBJECT_CONVERSION = YES_AGGRESSIVE;
				CLANG_CXX_LANGUAGE_STANDARD = "gnu++14";
				CLANG_CXX_LIBRARY = "libc++";
				CLANG_ENABLE_MODULES = YES;
				CLANG_ENABLE_OBJC_ARC = YES;
				CLANG_ENABLE_OBJC_WEAK = YES;
				CLANG_WARN_BLOCK_CAPTURE_AUTORELEASING = YES;
				CLANG_WARN_BOOL_CONVERSION = YES;
				CLANG_WARN_COMMA = YES;
				CLANG_WARN_CONSTANT_CONVERSION = YES;
				CLANG_WARN_DEPRECATED_OBJC_IMPLEMENTATIONS = YES;
				CLANG_WARN_DIRECT_OBJC_ISA_USAGE = YES_ERROR;
				CLANG_WARN_DOCUMENTATION_COMMENTS = YES;
				CLANG_WARN_EMPTY_BODY = YES;
				CLANG_WARN_ENUM_CONVERSION = YES;
				CLANG_WARN_INFINITE_RECURSION = YES;
				CLANG_WARN_INT_CONVERSION = YES;
				CLANG_WARN_NON_LITERAL_NULL_CONVERSION = YES;
				CLANG_WARN_OBJC_IMPLICIT_RETAIN_SELF = YES;
				CLANG_WARN_OBJC_LITERAL_CONVERSION = YES;
				CLANG_WARN_OBJC_ROOT_CLASS = YES_ERROR;
				CLANG_WARN_RANGE_LOOP_ANALYSIS = YES;
				CLANG_WARN_STRICT_PROTOTYPES = YES;
				CLANG_WARN_SUSPICIOUS_MOVE = YES;
				CLANG_WARN_UNGUARDED_AVAILABILITY = YES_AGGRESSIVE;
				CLANG_WARN_UNREACHABLE_CODE = YES;
				CLANG_WARN__DUPLICATE_METHOD_MATCH = YES;
				COPY_PHASE_STRIP = NO;
				DEBUG_INFORMATION_FORMAT = "dwarf-with-dsym";
				ENABLE_NS_ASSERTIONS = NO;
				ENABLE_STRICT_OBJC_MSGSEND = YES;
				GCC_C_LANGUAGE_STANDARD = gnu11;
				GCC_NO_COMMON_BLOCKS = YES;
				GCC_WARN_64_TO_32_BIT_CONVERSION = YES;
				GCC_WARN_ABOUT_RETURN_TYPE = YES_ERROR;
				GCC_WARN_UNDECLARED_SELECTOR = YES;
				GCC_WARN_UNINITIALIZED_AUTOS = YES_AGGRESSIVE;
				GCC_WARN_UNUSED_FUNCTION = YES;
				GCC_WARN_UNUSED_VARIABLE = YES;
				IPHONEOS_DEPLOYMENT_TARGET = 13.2;
				MTL_ENABLE_DEBUG_INFO = NO;
				MTL_FAST_MATH = YES;
				SDKROOT = iphoneos;
				SWIFT_COMPILATION_MODE = wholemodule;
				SWIFT_OPTIMIZATION_LEVEL = "-O";
				VALIDATE_PRODUCT = YES;
			};
			name = Release;
		};
		4650EC7B239403590081D3FA /* Debug */ = {
			isa = XCBuildConfiguration;
			buildSettings = {
				ASSETCATALOG_COMPILER_APPICON_NAME = AppIcon;
				CODE_SIGN_STYLE = Automatic;
				DEVELOPMENT_TEAM = W4BT774F98;
				INFOPLIST_FILE = Rorschach/Info.plist;
				LD_RUNPATH_SEARCH_PATHS = (
					"$(inherited)",
					"@executable_path/Frameworks",
				);
				PRODUCT_BUNDLE_IDENTIFIER = com.SpencerCurtis.Rorschach;
				PRODUCT_NAME = "$(TARGET_NAME)";
				SWIFT_VERSION = 5.0;
				TARGETED_DEVICE_FAMILY = "1,2";
			};
			name = Debug;
		};
		4650EC7C239403590081D3FA /* Release */ = {
			isa = XCBuildConfiguration;
			buildSettings = {
				ASSETCATALOG_COMPILER_APPICON_NAME = AppIcon;
				CODE_SIGN_STYLE = Automatic;
				DEVELOPMENT_TEAM = W4BT774F98;
				INFOPLIST_FILE = Rorschach/Info.plist;
				LD_RUNPATH_SEARCH_PATHS = (
					"$(inherited)",
					"@executable_path/Frameworks",
				);
				PRODUCT_BUNDLE_IDENTIFIER = com.SpencerCurtis.Rorschach;
				PRODUCT_NAME = "$(TARGET_NAME)";
				SWIFT_VERSION = 5.0;
				TARGETED_DEVICE_FAMILY = "1,2";
			};
			name = Release;
		};
/* End XCBuildConfiguration section */

/* Begin XCConfigurationList section */
		4650EC61239403580081D3FA /* Build configuration list for PBXProject "Rorschach" */ = {
			isa = XCConfigurationList;
			buildConfigurations = (
				4650EC78239403590081D3FA /* Debug */,
				4650EC79239403590081D3FA /* Release */,
			);
			defaultConfigurationIsVisible = 0;
			defaultConfigurationName = Release;
		};
		4650EC7A239403590081D3FA /* Build configuration list for PBXNativeTarget "Rorschach" */ = {
			isa = XCConfigurationList;
			buildConfigurations = (
				4650EC7B239403590081D3FA /* Debug */,
				4650EC7C239403590081D3FA /* Release */,
			);
			defaultConfigurationIsVisible = 0;
			defaultConfigurationName = Release;
		};
/* End XCConfigurationList section */
	};
	rootObject = 4650EC5E239403580081D3FA /* Project object */;
}
